// !$*UTF8*$!
{
	archiveVersion = 1;
	classes = {
	};
	objectVersion = 46;
	objects = {

/* Begin PBXBuildFile section */
		C42A974D1F1A2B6A00EA3795 /* AppDelegate.swift in Sources */ = {isa = PBXBuildFile; fileRef = C42A974C1F1A2B6A00EA3795 /* AppDelegate.swift */; };
		C42A974F1F1A2B6A00EA3795 /* ViewController.swift in Sources */ = {isa = PBXBuildFile; fileRef = C42A974E1F1A2B6A00EA3795 /* ViewController.swift */; };
		C42A97521F1A2B6A00EA3795 /* Main.storyboard in Resources */ = {isa = PBXBuildFile; fileRef = C42A97501F1A2B6A00EA3795 /* Main.storyboard */; };
		C42A97541F1A2B6A00EA3795 /* Assets.xcassets in Resources */ = {isa = PBXBuildFile; fileRef = C42A97531F1A2B6A00EA3795 /* Assets.xcassets */; };
		C42A97571F1A2B6A00EA3795 /* LaunchScreen.storyboard in Resources */ = {isa = PBXBuildFile; fileRef = C42A97551F1A2B6A00EA3795 /* LaunchScreen.storyboard */; };
		C498B8C51F2683D600AB8FA8 /* AboutViewController.swift in Sources */ = {isa = PBXBuildFile; fileRef = C498B8C41F2683D600AB8FA8 /* AboutViewController.swift */; };
/* End PBXBuildFile section */

/* Begin PBXFileReference section */
		C42A97491F1A2B6A00EA3795 /* Bullseye.app */ = {isa = PBXFileReference; explicitFileType = wrapper.application; includeInIndex = 0; path = Bullseye.app; sourceTree = BUILT_PRODUCTS_DIR; };
		C42A974C1F1A2B6A00EA3795 /* AppDelegate.swift */ = {isa = PBXFileReference; lastKnownFileType = sourcecode.swift; path = AppDelegate.swift; sourceTree = "<group>"; };
		C42A974E1F1A2B6A00EA3795 /* ViewController.swift */ = {isa = PBXFileReference; lastKnownFileType = sourcecode.swift; path = ViewController.swift; sourceTree = "<group>"; };
		C42A97511F1A2B6A00EA3795 /* Base */ = {isa = PBXFileReference; lastKnownFileType = file.storyboard; name = Base; path = Base.lproj/Main.storyboard; sourceTree = "<group>"; };
		C42A97531F1A2B6A00EA3795 /* Assets.xcassets */ = {isa = PBXFileReference; lastKnownFileType = folder.assetcatalog; path = Assets.xcassets; sourceTree = "<group>"; };
		C42A97561F1A2B6A00EA3795 /* Base */ = {isa = PBXFileReference; lastKnownFileType = file.storyboard; name = Base; path = Base.lproj/LaunchScreen.storyboard; sourceTree = "<group>"; };
		C42A97581F1A2B6A00EA3795 /* Info.plist */ = {isa = PBXFileReference; lastKnownFileType = text.plist.xml; path = Info.plist; sourceTree = "<group>"; };
		C498B8C41F2683D600AB8FA8 /* AboutViewController.swift */ = {isa = PBXFileReference; fileEncoding = 4; lastKnownFileType = sourcecode.swift; path = AboutViewController.swift; sourceTree = "<group>"; };
/* End PBXFileReference section */

/* Begin PBXFrameworksBuildPhase section */
		C42A97461F1A2B6A00EA3795 /* Frameworks */ = {
			isa = PBXFrameworksBuildPhase;
			buildActionMask = 2147483647;
			files = (
			);
			runOnlyForDeploymentPostprocessing = 0;
		};
/* End PBXFrameworksBuildPhase section */

/* Begin PBXGroup section */
		C42A97401F1A2B6A00EA3795 = {
			isa = PBXGroup;
			children = (
				C42A974B1F1A2B6A00EA3795 /* Bullseye */,
				C42A974A1F1A2B6A00EA3795 /* Products */,
			);
			sourceTree = "<group>";
		};
		C42A974A1F1A2B6A00EA3795 /* Products */ = {
			isa = PBXGroup;
			children = (
				C42A97491F1A2B6A00EA3795 /* Bullseye.app */,
			);
			name = Products;
			sourceTree = "<group>";
		};
		C42A974B1F1A2B6A00EA3795 /* Bullseye */ = {
			isa = PBXGroup;
			children = (
				C42A974C1F1A2B6A00EA3795 /* AppDelegate.swift */,
				C42A974E1F1A2B6A00EA3795 /* ViewController.swift */,
				C42A97501F1A2B6A00EA3795 /* Main.storyboard */,
				C42A97531F1A2B6A00EA3795 /* Assets.xcassets */,
				C42A97551F1A2B6A00EA3795 /* LaunchScreen.storyboard */,
				C42A97581F1A2B6A00EA3795 /* Info.plist */,
				C498B8C41F2683D600AB8FA8 /* AboutViewController.swift */,
			);
			path = Bullseye;
			sourceTree = "<group>";
		};
/* End PBXGroup section */

/* Begin PBXNativeTarget section */
		C42A97481F1A2B6A00EA3795 /* Bullseye */ = {
			isa = PBXNativeTarget;
			buildConfigurationList = C42A975B1F1A2B6A00EA3795 /* Build configuration list for PBXNativeTarget "Bullseye" */;
			buildPhases = (
				C42A97451F1A2B6A00EA3795 /* Sources */,
				C42A97461F1A2B6A00EA3795 /* Frameworks */,
				C42A97471F1A2B6A00EA3795 /* Resources */,
			);
			buildRules = (
			);
			dependencies = (
			);
			name = Bullseye;
			productName = Bullseye;
			productReference = C42A97491F1A2B6A00EA3795 /* Bullseye.app */;
			productType = "com.apple.product-type.application";
		};
/* End PBXNativeTarget section */

/* Begin PBXProject section */
		C42A97411F1A2B6A00EA3795 /* Project object */ = {
			isa = PBXProject;
			attributes = {
				LastSwiftUpdateCheck = 0830;
				LastUpgradeCheck = 0830;
				ORGANIZATIONNAME = Sobiq;
				TargetAttributes = {
					C42A97481F1A2B6A00EA3795 = {
						CreatedOnToolsVersion = 8.3.3;
						DevelopmentTeam = 6FMNR6ELTC;
						ProvisioningStyle = Automatic;
					};
				};
			};
			buildConfigurationList = C42A97441F1A2B6A00EA3795 /* Build configuration list for PBXProject "Bullseye" */;
			compatibilityVersion = "Xcode 3.2";
			developmentRegion = English;
			hasScannedForEncodings = 0;
			knownRegions = (
				en,
				Base,
			);
			mainGroup = C42A97401F1A2B6A00EA3795;
			productRefGroup = C42A974A1F1A2B6A00EA3795 /* Products */;
			projectDirPath = "";
			projectRoot = "";
			targets = (
				C42A97481F1A2B6A00EA3795 /* Bullseye */,
			);
		};
/* End PBXProject section */

/* Begin PBXResourcesBuildPhase section */
		C42A97471F1A2B6A00EA3795 /* Resources */ = {
			isa = PBXResourcesBuildPhase;
			buildActionMask = 2147483647;
			files = (
				C42A97571F1A2B6A00EA3795 /* LaunchScreen.storyboard in Resources */,
				C42A97541F1A2B6A00EA3795 /* Assets.xcassets in Resources */,
				C42A97521F1A2B6A00EA3795 /* Main.storyboard in Resources */,
			);
			runOnlyForDeploymentPostprocessing = 0;
		};
/* End PBXResourcesBuildPhase section */

/* Begin PBXSourcesBuildPhase section */
		C42A97451F1A2B6A00EA3795 /* Sources */ = {
			isa = PBXSourcesBuildPhase;
			buildActionMask = 2147483647;
			files = (
				C498B8C51F2683D600AB8FA8 /* AboutViewController.swift in Sources */,
				C42A974F1F1A2B6A00EA3795 /* ViewController.swift in Sources */,
				C42A974D1F1A2B6A00EA3795 /* AppDelegate.swift in Sources */,
			);
			runOnlyForDeploymentPostprocessing = 0;
		};
/* End PBXSourcesBuildPhase section */

/* Begin PBXVariantGroup section */
		C42A97501F1A2B6A00EA3795 /* Main.storyboard */ = {
			isa = PBXVariantGroup;
			children = (
				C42A97511F1A2B6A00EA3795 /* Base */,
			);
			name = Main.storyboard;
			sourceTree = "<group>";
		};
		C42A97551F1A2B6A00EA3795 /* LaunchScreen.storyboard */ = {
			isa = PBXVariantGroup;
			children = (
				C42A97561F1A2B6A00EA3795 /* Base */,
			);
			name = LaunchScreen.storyboard;
			sourceTree = "<group>";
		};
/* End PBXVariantGroup section */

/* Begin XCBuildConfiguration section */
		C42A97591F1A2B6A00EA3795 /* Debug */ = {
			isa = XCBuildConfiguration;
			buildSettings = {
				ALWAYS_SEARCH_USER_PATHS = NO;
				CLANG_ANALYZER_NONNULL = YES;
				CLANG_ANALYZER_NUMBER_OBJECT_CONVERSION = YES_AGGRESSIVE;
				CLANG_CXX_LANGUAGE_STANDARD = "gnu++0x";
				CLANG_CXX_LIBRARY = "libc++";
				CLANG_ENABLE_MODULES = YES;
				CLANG_ENABLE_OBJC_ARC = YES;
				CLANG_WARN_BOOL_CONVERSION = YES;
				CLANG_WARN_CONSTANT_CONVERSION = YES;
				CLANG_WARN_DIRECT_OBJC_ISA_USAGE = YES_ERROR;
				CLANG_WARN_DOCUMENTATION_COMMENTS = YES;
				CLANG_WARN_EMPTY_BODY = YES;
				CLANG_WARN_ENUM_CONVERSION = YES;
				CLANG_WARN_INFINITE_RECURSION = YES;
				CLANG_WARN_INT_CONVERSION = YES;
				CLANG_WARN_OBJC_ROOT_CLASS = YES_ERROR;
				CLANG_WARN_SUSPICIOUS_MOVE = YES;
				CLANG_WARN_UNREACHABLE_CODE = YES;
				CLANG_WARN__DUPLICATE_METHOD_MATCH = YES;
				"CODE_SIGN_IDENTITY[sdk=iphoneos*]" = "iPhone Developer";
				COPY_PHASE_STRIP = NO;
				DEBUG_INFORMATION_FORMAT = dwarf;
				ENABLE_STRICT_OBJC_MSGSEND = YES;
				ENABLE_TESTABILITY = YES;
				GCC_C_LANGUAGE_STANDARD = gnu99;
				GCC_DYNAMIC_NO_PIC = NO;
				GCC_NO_COMMON_BLOCKS = YES;
				GCC_OPTIMIZATION_LEVEL = 0;
				GCC_PREPROCESSOR_DEFINITIONS = (
					"DEBUG=1",
					"$(inherited)",
				);
				GCC_WARN_64_TO_32_BIT_CONVERSION = YES;
				GCC_WARN_ABOUT_RETURN_TYPE = YES_ERROR;
				GCC_WARN_UNDECLARED_SELECTOR = YES;
				GCC_WARN_UNINITIALIZED_AUTOS = YES_AGGRESSIVE;
				GCC_WARN_UNUSED_FUNCTION = YES;
				GCC_WARN_UNUSED_VARIABLE = YES;
				IPHONEOS_DEPLOYMENT_TARGET = 10.3;
				MTL_ENABLE_DEBUG_INFO = YES;
				ONLY_ACTIVE_ARCH = YES;
				SDKROOT = iphoneos;
				SWIFT_ACTIVE_COMPILATION_CONDITIONS = DEBUG;
				SWIFT_OPTIMIZATION_LEVEL = "-Onone";
				TARGETED_DEVICE_FAMILY = "1,2";
			};
			name = Debug;
		};
		C42A975A1F1A2B6A00EA3795 /* Release */ = {
			isa = XCBuildConfiguration;
			buildSettings = {
				ALWAYS_SEARCH_USER_PATHS = NO;
				CLANG_ANALYZER_NONNULL = YES;
				CLANG_ANALYZER_NUMBER_OBJECT_CONVERSION = YES_AGGRESSIVE;
				CLANG_CXX_LANGUAGE_STANDARD = "gnu++0x";
				CLANG_CXX_LIBRARY = "libc++";
				CLANG_ENABLE_MODULES = YES;
				CLANG_ENABLE_OBJC_ARC = YES;
				CLANG_WARN_BOOL_CONVERSION = YES;
				CLANG_WARN_CONSTANT_CONVERSION = YES;
				CLANG_WARN_DIRECT_OBJC_ISA_USAGE = YES_ERROR;
				CLANG_WARN_DOCUMENTATION_COMMENTS = YES;
				CLANG_WARN_EMPTY_BODY = YES;
				CLANG_WARN_ENUM_CONVERSION = YES;
				CLANG_WARN_INFINITE_RECURSION = YES;
				CLANG_WARN_INT_CONVERSION = YES;
				CLANG_WARN_OBJC_ROOT_CLASS = YES_ERROR;
				CLANG_WARN_SUSPICIOUS_MOVE = YES;
				CLANG_WARN_UNREACHABLE_CODE = YES;
				CLANG_WARN__DUPLICATE_METHOD_MATCH = YES;
				"CODE_SIGN_IDENTITY[sdk=iphoneos*]" = "iPhone Developer";
				COPY_PHASE_STRIP = NO;
				DEBUG_INFORMATION_FORMAT = "dwarf-with-dsym";
				ENABLE_NS_ASSERTIONS = NO;
				ENABLE_STRICT_OBJC_MSGSEND = YES;
				GCC_C_LANGUAGE_STANDARD = gnu99;
				GCC_NO_COMMON_BLOCKS = YES;
				GCC_WARN_64_TO_32_BIT_CONVERSION = YES;
				GCC_WARN_ABOUT_RETURN_TYPE = YES_ERROR;
				GCC_WARN_UNDECLARED_SELECTOR = YES;
				GCC_WARN_UNINITIALIZED_AUTOS = YES_AGGRESSIVE;
				GCC_WARN_UNUSED_FUNCTION = YES;
				GCC_WARN_UNUSED_VARIABLE = YES;
				IPHONEOS_DEPLOYMENT_TARGET = 10.3;
				MTL_ENABLE_DEBUG_INFO = NO;
				SDKROOT = iphoneos;
				SWIFT_OPTIMIZATION_LEVEL = "-Owholemodule";
				TARGETED_DEVICE_FAMILY = "1,2";
				VALIDATE_PRODUCT = YES;
			};
			name = Release;
		};
		C42A975C1F1A2B6A00EA3795 /* Debug */ = {
			isa = XCBuildConfiguration;
			buildSettings = {
				ASSETCATALOG_COMPILER_APPICON_NAME = AppIcon;
				DEVELOPMENT_TEAM = 6FMNR6ELTC;
				INFOPLIST_FILE = Bullseye/Info.plist;
				LD_RUNPATH_SEARCH_PATHS = "$(inherited) @executable_path/Frameworks";
				PRODUCT_BUNDLE_IDENTIFIER = com.pluralsight.Bullseye;
				PRODUCT_NAME = "$(TARGET_NAME)";
				SWIFT_VERSION = 3.0;
			};
			name = Debug;
		};
		C42A975D1F1A2B6A00EA3795 /* Release */ = {
			isa = XCBuildConfiguration;
			buildSettings = {
				ASSETCATALOG_COMPILER_APPICON_NAME = AppIcon;
				DEVELOPMENT_TEAM = 6FMNR6ELTC;
				INFOPLIST_FILE = Bullseye/Info.plist;
				LD_RUNPATH_SEARCH_PATHS = "$(inherited) @executable_path/Frameworks";
				PRODUCT_BUNDLE_IDENTIFIER = com.pluralsight.Bullseye;
				PRODUCT_NAME = "$(TARGET_NAME)";
				SWIFT_VERSION = 3.0;
			};
			name = Release;
		};
/* End XCBuildConfiguration section */

/* Begin XCConfigurationList section */
		C42A97441F1A2B6A00EA3795 /* Build configuration list for PBXProject "Bullseye" */ = {
			isa = XCConfigurationList;
			buildConfigurations = (
				C42A97591F1A2B6A00EA3795 /* Debug */,
				C42A975A1F1A2B6A00EA3795 /* Release */,
			);
			defaultConfigurationIsVisible = 0;
			defaultConfigurationName = Release;
		};
		C42A975B1F1A2B6A00EA3795 /* Build configuration list for PBXNativeTarget "Bullseye" */ = {
			isa = XCConfigurationList;
			buildConfigurations = (
				C42A975C1F1A2B6A00EA3795 /* Debug */,
				C42A975D1F1A2B6A00EA3795 /* Release */,
			);
			defaultConfigurationIsVisible = 0;
			defaultConfigurationName = Release;
		};
/* End XCConfigurationList section */
	};
	rootObject = C42A97411F1A2B6A00EA3795 /* Project object */;
}
